<?xml version="1.0" encoding="UTF-8" standalone="yes" ?>
<CodeBlocks_project_file>
	<FileVersion major="1" minor="6" />
	<Project>
		<Option title="qchem" />
		<Option makefile="makefile" />
		<Option pch_mode="2" />
		<Option compiler="gcc" />
		<Build>
			<Target title="Debug">
				<Option output="./Debug/qchem" prefix_auto="1" extension_auto="1" />
				<Option working_dir="" />
				<Option object_output="obj/Debug/" />
				<Option type="2" />
				<Option compiler="gcc" />
				<Option createDefFile="1" />
				<Compiler>
					<Add option="-Wall" />
					<Add option="-std=c++17" />
					<Add option="-g" />
					<Add option="-DDEBUG" />
				</Compiler>
			</Target>
			<Target title="Release">
				<Option output="./Release/qchem" prefix_auto="1" extension_auto="1" />
				<Option working_dir="" />
				<Option object_output="obj/Release/" />
				<Option type="2" />
				<Option compiler="gcc" />
				<Option createDefFile="1" />
				<Compiler>
					<Add option="-O2" />
					<Add option="-Wall" />
					<Add option="-pg" />
					<Add option="-DNDEBUG" />
				</Compiler>
				<Linker>
					<Add option="-pg" />
				</Linker>
			</Target>
		</Build>
		<Compiler>
			<Add option="-std=c++17" />
			<Add option="-fopenmp" />
			<Add directory="../oml/include" />
			<Add directory="include" />
		</Compiler>
		<Linker>
			<Add option="-fopenmp" />
		</Linker>
		<Unit filename="TODO" />
		<Unit filename="include/AnalyticIE.H" />
		<Unit filename="include/BasisSet.H" />
		<Unit filename="include/ChargeDensity.H" />
		<Unit filename="include/Cluster.H" />
		<Unit filename="include/EnergyLevel.H" />
		<Unit filename="include/FittedFunction.H" />
		<Unit filename="include/FittedFunctionClient.H" />
		<Unit filename="include/Hamiltonian.H" />
		<Unit filename="include/IEClient.H" />
		<Unit filename="include/Imp/BasisSet/BFGrouper.H" />
		<Unit filename="include/Imp/BasisSet/GaussianScaler.H" />
		<Unit filename="include/Imp/BasisSet/IrrepCommon.H" />
		<Unit filename="include/Imp/BasisSet/PolarizedGaussian/BasisFunction.H" />
		<Unit filename="include/Imp/BasisSet/PolarizedGaussian/BasisSet.H" />
		<Unit filename="include/Imp/BasisSet/PolarizedGaussian/Block.H" />
		<Unit filename="include/Imp/BasisSet/PolarizedGaussian/CDCache.H" />
		<Unit filename="include/Imp/BasisSet/PolarizedGaussian/IEClient.H" />
		<Unit filename="include/Imp/BasisSet/PolarizedGaussian/IntegralEngine.H" />
		<Unit filename="include/Imp/BasisSet/PolarizedGaussian/IrrepBasisSet.H" />
		<Unit filename="include/Imp/BasisSet/PolarizedGaussian/MnD/Hermite1.H" />
		<Unit filename="include/Imp/BasisSet/PolarizedGaussian/MnD/Hermite2.H" />
		<Unit filename="include/Imp/BasisSet/PolarizedGaussian/MnD/Hermite3.H" />
		<Unit filename="include/Imp/BasisSet/PolarizedGaussian/MnD/RNLM.H" />
		<Unit filename="include/Imp/BasisSet/PolarizedGaussian/Polarization.H" />
		<Unit filename="include/Imp/BasisSet/PolarizedGaussian/Radial/Common.H" />
		<Unit filename="include/Imp/BasisSet/PolarizedGaussian/Radial/ContractedGaussianH3.H" />
		<Unit filename="include/Imp/BasisSet/PolarizedGaussian/Radial/ContractedGaussianRF.H" />
		<Unit filename="include/Imp/BasisSet/PolarizedGaussian/Radial/GaussianCD.H" />
		<Unit filename="include/Imp/BasisSet/PolarizedGaussian/Radial/GaussianH3.H" />
		<Unit filename="include/Imp/BasisSet/PolarizedGaussian/Radial/GaussianRF.H" />
		<Unit filename="include/Imp/BasisSet/PolarizedGaussian/RadialFunction.H" />
		<Unit filename="include/Imp/BasisSet/PolarizedGaussian/Readers/Gaussian94.H" />
		<Unit filename="include/Imp/BasisSet/PolarizedGaussian/Readers/Reader.H" />
		<Unit filename="include/Imp/BasisSet/Slater/BasisFunction.H" />
		<Unit filename="include/Imp/BasisSet/Slater/BasisSet.H" />
		<Unit filename="include/Imp/BasisSet/Slater/IEClient.H" />
		<Unit filename="include/Imp/BasisSet/Slater/IntegralEngine.H" />
		<Unit filename="include/Imp/BasisSet/Slater/IrrepBasisSet.H" />
		<Unit filename="include/Imp/BasisSet/SlaterScaler.H" />
		<Unit filename="include/Imp/BasisSet/Slater_m/BasisFunction.H" />
		<Unit filename="include/Imp/BasisSet/Slater_m/BasisSet.H" />
		<Unit filename="include/Imp/BasisSet/Slater_m/IEClient.H" />
		<Unit filename="include/Imp/BasisSet/Slater_m/IntegralEngine.H" />
		<Unit filename="include/Imp/BasisSet/Slater_m/IrrepBasisSet.H" />
		<Unit filename="include/Imp/BasisSet/Slater_m/QuantumNumber.H" />
		<Unit filename="include/Imp/BasisSet/SphericalGaussian/BasisFunction.H" />
		<Unit filename="include/Imp/BasisSet/SphericalGaussian/BasisSet.H" />
		<Unit filename="include/Imp/BasisSet/SphericalGaussian/IEClient.H" />
		<Unit filename="include/Imp/BasisSet/SphericalGaussian/IntegralEngine.H" />
		<Unit filename="include/Imp/BasisSet/SphericalGaussian/IrrepBasisSet.H" />
		<Unit filename="include/Imp/BasisSet/SphericalGaussian/QuantumNumber.H" />
		<Unit filename="include/Imp/BasisSet/SphericalGaussian_m/BasisFunction.H" />
		<Unit filename="include/Imp/BasisSet/SphericalGaussian_m/BasisSet.H" />
		<Unit filename="include/Imp/BasisSet/SphericalGaussian_m/IEClient.H" />
		<Unit filename="include/Imp/BasisSet/SphericalGaussian_m/IntegralEngine.H" />
		<Unit filename="include/Imp/BasisSet/SphericalGaussian_m/IrrepBasisSet.H" />
		<Unit filename="include/Imp/BasisSet/TCommon.H" />
		<Unit filename="include/Imp/BasisSet/TIrrepCommon.H" />
		<Unit filename="include/Imp/ChargeDensity/CompositeCD.H" />
		<Unit filename="include/Imp/ChargeDensity/FittedCD.H" />
		<Unit filename="include/Imp/ChargeDensity/FittedPolarizedCD.H" />
		<Unit filename="include/Imp/ChargeDensity/IrrepCD.H" />
		<Unit filename="include/Imp/ChargeDensity/PolarizedCD.H" />
		<Unit filename="include/Imp/Cluster/Atom.H" />
		<Unit filename="include/Imp/Cluster/AtomMesh.H" />
		<Unit filename="include/Imp/Cluster/Lattice.H" />
		<Unit filename="include/Imp/Cluster/Molecule.H" />
		<Unit filename="include/Imp/Cluster/MoleculeMesh.H" />
		<Unit filename="include/Imp/Cluster/UnitCell.H" />
		<Unit filename="include/Imp/Cluster/UnitCellMesh.H" />
		<Unit filename="include/Imp/Containers/ERI4.H" />
		<Unit filename="include/Imp/Containers/Triangle2D.H" />
		<Unit filename="include/Imp/Containers/Triangle3D.H" />
		<Unit filename="include/Imp/Containers/ptr_vector.h" />
		<Unit filename="include/Imp/Containers/ptr_vector_io.h" />
		<Unit filename="include/Imp/Containers/stl_io.h" />
		<Unit filename="include/Imp/DataBase/HeapDB.H" />
		<Unit filename="include/Imp/Fitting/ConstrainedFF.H" />
		<Unit filename="include/Imp/Fitting/FittedFunction.H" />
		<Unit filename="include/Imp/Fitting/IntegralConstrainedFF.H" />
		<Unit filename="include/Imp/Hamiltonian/ExchangeFunctional.H" />
		<Unit filename="include/Imp/Hamiltonian/ExchangeFunctionalImp.H" />
		<Unit filename="include/Imp/Hamiltonian/FittedVee.H" />
		<Unit filename="include/Imp/Hamiltonian/FittedVxc.H" />
		<Unit filename="include/Imp/Hamiltonian/FittedVxcPol.H" />
		<Unit filename="include/Imp/Hamiltonian/Hamiltonian.H" />
		<Unit filename="include/Imp/Hamiltonian/HamiltonianTerm.H" />
		<Unit filename="include/Imp/Hamiltonian/Kinetic.H" />
		<Unit filename="include/Imp/Hamiltonian/LDAVxc.H" />
		<Unit filename="include/Imp/Hamiltonian/SlaterExchange.H" />
		<Unit filename="include/Imp/Hamiltonian/Vee.H" />
		<Unit filename="include/Imp/Hamiltonian/Ven.H" />
		<Unit filename="include/Imp/Hamiltonian/Vnn.H" />
		<Unit filename="include/Imp/Hamiltonian/Vxc.H" />
		<Unit filename="include/Imp/Hamiltonian/VxcPol.H" />
		<Unit filename="include/Imp/Integrals/AngularIntegrals.H" />
		<Unit filename="include/Imp/Integrals/AuxillaryFJ.H" />
		<Unit filename="include/Imp/Integrals/Cache4.H" />
		<Unit filename="include/Imp/Integrals/FJLookUp.H" />
		<Unit filename="include/Imp/Integrals/Factorials.H" />
		<Unit filename="include/Imp/Integrals/GaussianIntegrals.H" />
		<Unit filename="include/Imp/Integrals/GaussianRadialIntegrals.H" />
		<Unit filename="include/Imp/Integrals/PascalTriangle.H" />
		<Unit filename="include/Imp/Integrals/SlaterCD.H" />
		<Unit filename="include/Imp/Integrals/SlaterIntegrals.H" />
		<Unit filename="include/Imp/Integrals/SphericalGaussianCD.H" />
		<Unit filename="include/Imp/Integrals/Wigner3j.H" />
		<Unit filename="include/Imp/LASolver/LASolverImp.H" />
		<Unit filename="include/Imp/LASolver/LASolverLapack.H" />
		<Unit filename="include/Imp/LASolver/LASolverOML.H" />
		<Unit filename="include/Imp/Mesh/EulerMaclarenAngularMesh.H" />
		<Unit filename="include/Imp/Mesh/GaussAngularMesh.H" />
		<Unit filename="include/Imp/Mesh/GaussLegendreAngularMesh.H" />
		<Unit filename="include/Imp/Mesh/LogRadialMesh.H" />
		<Unit filename="include/Imp/Mesh/MHLRadialMesh.H" />
		<Unit filename="include/Imp/Misc/DFTDefines.H" />
		<Unit filename="include/Imp/Misc/DFTFiles.H" />
		<Unit filename="include/Imp/Misc/IntPower.H" />
		<Unit filename="include/Imp/Misc/PeriodicTable.H" />
		<Unit filename="include/Imp/Misc/UniqueID/UniqueID.H" />
		<Unit filename="include/Imp/Misc/Unpickle.H" />
		<Unit filename="include/Imp/Orbitals/ElectronContainer.H" />
		<Unit filename="include/Imp/Orbitals/TOrbital.H" />
		<Unit filename="include/Imp/Orbitals/TOrbitals.H" />
		<Unit filename="include/Imp/SCFIterator/SCFIterator.H" />
		<Unit filename="include/Imp/SCFIterator/SCFIteratorPol.H" />
		<Unit filename="include/Imp/SCFIterator/SCFIteratorUnPol.H" />
		<Unit filename="include/Imp/WaveFunction/ElectronConfiguration.H" />
		<Unit filename="include/Imp/WaveFunction/IrrepWaveFunction.H" />
		<Unit filename="include/Imp/WaveFunction/MasterPolarizedWF.H" />
		<Unit filename="include/Imp/WaveFunction/MasterUnPolarizedWF.H" />
		<Unit filename="include/Imp/WaveFunction/WaveFunctionGroup.H" />
		<Unit filename="include/IntegralDataBase.H" />
		<Unit filename="include/IterationParams.H" />
		<Unit filename="include/LASolver.H" />
		<Unit filename="include/Mesh.H" />
		<Unit filename="include/Orbital.H" />
		<Unit filename="include/QuantumNumber.H" />
		<Unit filename="include/RadialMesh.H" />
		<Unit filename="include/SCFIterator.H" />
		<Unit filename="include/ScalarFunction.H" />
		<Unit filename="include/Spin.H" />
		<Unit filename="include/TotalEnergy.H" />
		<Unit filename="include/UnitSymmetryQN.H" />
		<Unit filename="include/VectorFunction.H" />
		<Unit filename="include/WaveFunction.H" />
		<Unit filename="include/types.H" />
		<Unit filename="src/AnalyticIE.C">
			<Option compilerVar="CC" />
		</Unit>
		<Unit filename="src/BasisSet/BFGrouper.C">
			<Option compilerVar="CC" />
		</Unit>
		<Unit filename="src/BasisSet/IrrepCommon.C">
			<Option compilerVar="CC" />
		</Unit>
		<Unit filename="src/BasisSet/PolarizedGaussian/BasisFunction.C">
			<Option compilerVar="CC" />
		</Unit>
		<Unit filename="src/BasisSet/PolarizedGaussian/BasisSet.C">
			<Option compilerVar="CC" />
		</Unit>
		<Unit filename="src/BasisSet/PolarizedGaussian/Block.C">
			<Option compilerVar="CC" />
		</Unit>
		<Unit filename="src/BasisSet/PolarizedGaussian/CDCache.C">
			<Option compilerVar="CC" />
		</Unit>
		<Unit filename="src/BasisSet/PolarizedGaussian/IEClient.C">
			<Option compilerVar="CC" />
		</Unit>
		<Unit filename="src/BasisSet/PolarizedGaussian/IntegralEngine.C">
			<Option compilerVar="CC" />
		</Unit>
		<Unit filename="src/BasisSet/PolarizedGaussian/IrrepBasisSet.C">
			<Option compilerVar="CC" />
		</Unit>
		<Unit filename="src/BasisSet/PolarizedGaussian/MnD/Hermite1.C">
			<Option compilerVar="CC" />
		</Unit>
		<Unit filename="src/BasisSet/PolarizedGaussian/MnD/Hermite2.C">
			<Option compilerVar="CC" />
		</Unit>
		<Unit filename="src/BasisSet/PolarizedGaussian/MnD/RNLM.C">
			<Option compilerVar="CC" />
		</Unit>
		<Unit filename="src/BasisSet/PolarizedGaussian/Polarization.C">
			<Option compilerVar="CC" />
		</Unit>
		<Unit filename="src/BasisSet/PolarizedGaussian/Radial/ContractedGaussianH3.C">
			<Option compilerVar="CC" />
		</Unit>
		<Unit filename="src/BasisSet/PolarizedGaussian/Radial/ContractedGaussianRF.C">
			<Option compilerVar="CC" />
		</Unit>
		<Unit filename="src/BasisSet/PolarizedGaussian/Radial/GaussianCD.C">
			<Option compilerVar="CC" />
		</Unit>
		<Unit filename="src/BasisSet/PolarizedGaussian/Radial/GaussianH3.C">
			<Option compilerVar="CC" />
		</Unit>
		<Unit filename="src/BasisSet/PolarizedGaussian/Radial/GaussianRF.C">
			<Option compilerVar="CC" />
		</Unit>
		<Unit filename="src/BasisSet/PolarizedGaussian/Radial/RadialFunctionImplementation.C">
			<Option compilerVar="CC" />
		</Unit>
		<Unit filename="src/BasisSet/PolarizedGaussian/Readers/Gaussian94.C">
			<Option compilerVar="CC" />
		</Unit>
		<Unit filename="src/BasisSet/PolarizedGaussian/Readers/RadialFunction.C">
			<Option compilerVar="CC" />
		</Unit>
		<Unit filename="src/BasisSet/Slater/BasisFunction.C">
			<Option compilerVar="CC" />
		</Unit>
		<Unit filename="src/BasisSet/Slater/BasisSet.C">
			<Option compilerVar="CC" />
		</Unit>
		<Unit filename="src/BasisSet/Slater/IEClient.C">
			<Option compilerVar="CC" />
		</Unit>
		<Unit filename="src/BasisSet/Slater/IntegralEngine.C">
			<Option compilerVar="CC" />
		</Unit>
		<Unit filename="src/BasisSet/Slater/IrrepBasisSet.C">
			<Option compilerVar="CC" />
		</Unit>
		<Unit filename="src/BasisSet/Slater_m/BasisFunction.C">
			<Option compilerVar="CC" />
		</Unit>
		<Unit filename="src/BasisSet/Slater_m/BasisSet.C">
			<Option compilerVar="CC" />
		</Unit>
		<Unit filename="src/BasisSet/Slater_m/IEClient.C">
			<Option compilerVar="CC" />
		</Unit>
		<Unit filename="src/BasisSet/Slater_m/IntegralEngine.C">
			<Option compilerVar="CC" />
		</Unit>
		<Unit filename="src/BasisSet/Slater_m/IrrepBasisSet.C">
			<Option compilerVar="CC" />
		</Unit>
		<Unit filename="src/BasisSet/Slater_m/QuantumNumber.C">
			<Option compilerVar="CC" />
		</Unit>
		<Unit filename="src/BasisSet/SphericalGaussian/BasisFunction.C">
			<Option compilerVar="CC" />
		</Unit>
		<Unit filename="src/BasisSet/SphericalGaussian/BasisSet.C">
			<Option compilerVar="CC" />
		</Unit>
		<Unit filename="src/BasisSet/SphericalGaussian/IEClient.C">
			<Option compilerVar="CC" />
		</Unit>
		<Unit filename="src/BasisSet/SphericalGaussian/IntegralEngine.C">
			<Option compilerVar="CC" />
		</Unit>
		<Unit filename="src/BasisSet/SphericalGaussian/IrrepBasisSet.C">
			<Option compilerVar="CC" />
		</Unit>
		<Unit filename="src/BasisSet/SphericalGaussian/QuantumNumber.C">
			<Option compilerVar="CC" />
		</Unit>
		<Unit filename="src/BasisSet/SphericalGaussian_m/BasisFunction.C">
			<Option compilerVar="CC" />
		</Unit>
		<Unit filename="src/BasisSet/SphericalGaussian_m/BasisSet.C">
			<Option compilerVar="CC" />
		</Unit>
		<Unit filename="src/BasisSet/SphericalGaussian_m/IEClient.C">
			<Option compilerVar="CC" />
		</Unit>
		<Unit filename="src/BasisSet/SphericalGaussian_m/IntegralEngine.C">
			<Option compilerVar="CC" />
		</Unit>
		<Unit filename="src/BasisSet/SphericalGaussian_m/IrrepBasisSet.C">
			<Option compilerVar="CC" />
		</Unit>
		<Unit filename="src/BasisSet/TCommon.C">
			<Option compilerVar="CC" />
		</Unit>
		<Unit filename="src/BasisSet/TIrrepCommon.C">
			<Option compilerVar="CC" />
		</Unit>
		<Unit filename="src/ChargeDensity.C">
			<Option compilerVar="CC" />
		</Unit>
		<Unit filename="src/ChargeDensity/CompositeCD.C">
			<Option compilerVar="CC" />
		</Unit>
		<Unit filename="src/ChargeDensity/FittedCD.C">
			<Option compilerVar="CC" />
		</Unit>
		<Unit filename="src/ChargeDensity/FittedPolarizedCD.C">
			<Option compilerVar="CC" />
		</Unit>
		<Unit filename="src/ChargeDensity/IrrepCD.C">
			<Option compilerVar="CC" />
		</Unit>
		<Unit filename="src/ChargeDensity/PolarizedCD.C">
			<Option compilerVar="CC" />
		</Unit>
		<Unit filename="src/Cluster/Atom.C">
			<Option compilerVar="CPP" />
		</Unit>
		<Unit filename="src/Cluster/AtomMesh.C">
			<Option compilerVar="CC" />
		</Unit>
		<Unit filename="src/Cluster/Lattice.C">
			<Option compilerVar="CPP" />
		</Unit>
		<Unit filename="src/Cluster/Molecule.C">
			<Option compilerVar="CPP" />
		</Unit>
		<Unit filename="src/Cluster/MoleculeMesh.C">
			<Option compilerVar="CC" />
		</Unit>
		<Unit filename="src/Cluster/UnitCell.C">
			<Option compilerVar="CPP" />
		</Unit>
		<Unit filename="src/Cluster/UnitCellMesh.C">
			<Option compilerVar="CC" />
		</Unit>
		<Unit filename="src/Containers/ERI4.C">
			<Option compilerVar="CC" />
		</Unit>
		<Unit filename="src/Containers/Triangle2D.C">
			<Option compilerVar="CC" />
		</Unit>
		<Unit filename="src/Containers/Triangle3D.C">
			<Option compilerVar="CC" />
		</Unit>
		<Unit filename="src/Containers/stl_io.C">
			<Option compilerVar="CC" />
		</Unit>
		<Unit filename="src/DataBase/HeapDB.C">
			<Option compilerVar="CC" />
		</Unit>
		<Unit filename="src/Factories/BasisSetFactories.C">
			<Option compilerVar="CPP" />
		</Unit>
		<Unit filename="src/Factories/BasisSetFactories1.C">
			<Option compilerVar="CPP" />
		</Unit>
		<Unit filename="src/Factories/ChargeDensityFactories.C">
			<Option compilerVar="CPP" />
		</Unit>
		<Unit filename="src/Factories/ClusterFactories.C">
			<Option compilerVar="CPP" />
		</Unit>
		<Unit filename="src/Factories/ExchangeFunctionalFactories.C">
			<Option compilerVar="CPP" />
		</Unit>
		<Unit filename="src/Factories/HamiltonianFactories.C">
			<Option compilerVar="CPP" />
		</Unit>
		<Unit filename="src/Factories/MeshFactories.C">
			<Option compilerVar="CPP" />
		</Unit>
		<Unit filename="src/Factories/OrbitalFactories.C">
			<Option compilerVar="CPP" />
		</Unit>
		<Unit filename="src/Factories/RadialFunctionFactories.C">
			<Option compilerVar="CPP" />
		</Unit>
		<Unit filename="src/Factories/TriangleFactories.C">
			<Option compilerVar="CPP" />
		</Unit>
		<Unit filename="src/Factories/WaveFunctionFactories.C">
			<Option compilerVar="CPP" />
		</Unit>
		<Unit filename="src/Fitting/ConstrainedFF.C">
			<Option compilerVar="CC" />
		</Unit>
		<Unit filename="src/Fitting/FittedFunction.C">
			<Option compilerVar="CC" />
		</Unit>
		<Unit filename="src/Fitting/IntegralConstrainedFF.C">
			<Option compilerVar="CC" />
		</Unit>
		<Unit filename="src/Hamiltonian/ExchangeFunctionalImp.C">
			<Option compilerVar="CC" />
		</Unit>
		<Unit filename="src/Hamiltonian/FittedVee.C">
			<Option compilerVar="CC" />
		</Unit>
		<Unit filename="src/Hamiltonian/FittedVxc.C">
			<Option compilerVar="CC" />
		</Unit>
		<Unit filename="src/Hamiltonian/FittedVxcPol.C">
			<Option compilerVar="CC" />
		</Unit>
		<Unit filename="src/Hamiltonian/Hamiltonian.C">
			<Option compilerVar="CC" />
		</Unit>
		<Unit filename="src/Hamiltonian/HamiltonianTerm.C">
			<Option compilerVar="CC" />
		</Unit>
		<Unit filename="src/Hamiltonian/Hamiltonians.C">
			<Option compilerVar="CC" />
		</Unit>
		<Unit filename="src/Hamiltonian/Kinetic.C">
			<Option compilerVar="CC" />
		</Unit>
		<Unit filename="src/Hamiltonian/LDAVxc.C">
			<Option compilerVar="CC" />
		</Unit>
		<Unit filename="src/Hamiltonian/SlaterExchange.C">
			<Option compilerVar="CC" />
		</Unit>
		<Unit filename="src/Hamiltonian/Vee.C">
			<Option compilerVar="CC" />
		</Unit>
		<Unit filename="src/Hamiltonian/Ven.C">
			<Option compilerVar="CC" />
		</Unit>
		<Unit filename="src/Hamiltonian/Vnn.C">
			<Option compilerVar="CC" />
		</Unit>
		<Unit filename="src/Hamiltonian/Vxc.C">
			<Option compilerVar="CC" />
		</Unit>
		<Unit filename="src/Hamiltonian/VxcPol.C">
			<Option compilerVar="CC" />
		</Unit>
		<Unit filename="src/Integrals/AngularIntegrals.C">
			<Option compilerVar="CC" />
		</Unit>
		<Unit filename="src/Integrals/AuxillaryData.C">
			<Option compilerVar="CC" />
		</Unit>
		<Unit filename="src/Integrals/AuxillaryFJ.C">
			<Option compilerVar="CC" />
		</Unit>
		<Unit filename="src/Integrals/Cache4.C">
			<Option compilerVar="CC" />
		</Unit>
		<Unit filename="src/Integrals/Factorials.C">
			<Option compilerVar="CC" />
		</Unit>
		<Unit filename="src/Integrals/GaussianIntegrals.C">
			<Option compilerVar="CC" />
		</Unit>
		<Unit filename="src/Integrals/MeshIntegrator.C">
			<Option compilerVar="CC" />
		</Unit>
		<Unit filename="src/Integrals/PascalTriangle.C">
			<Option compilerVar="CC" />
		</Unit>
		<Unit filename="src/Integrals/SlaterCD.C">
			<Option compilerVar="CC" />
		</Unit>
		<Unit filename="src/Integrals/SlaterIntegrals.C">
			<Option compilerVar="CC" />
		</Unit>
		<Unit filename="src/Integrals/SphericalGaussianCD.C">
			<Option compilerVar="CC" />
		</Unit>
		<Unit filename="src/Integrals/Wigner3j.C">
			<Option compilerVar="CC" />
		</Unit>
		<Unit filename="src/LAParams.C">
			<Option compilerVar="CC" />
		</Unit>
		<Unit filename="src/LASolver/LASolver.H" />
		<Unit filename="src/LASolver/LASolverImp.C">
			<Option compilerVar="CC" />
		</Unit>
		<Unit filename="src/LASolver/LASolverLapack.C">
			<Option compilerVar="CC" />
		</Unit>
		<Unit filename="src/LASolver/LASolverOML.C">
			<Option compilerVar="CC" />
		</Unit>
		<Unit filename="src/Mesh.C">
			<Option compilerVar="CC" />
		</Unit>
		<Unit filename="src/Mesh/EulerMaclarenAngularMesh.C">
			<Option compilerVar="CC" />
		</Unit>
		<Unit filename="src/Mesh/GaussAngularMesh.C">
			<Option compilerVar="CC" />
		</Unit>
		<Unit filename="src/Mesh/GaussLegendre.C">
			<Option compilerVar="CC" />
		</Unit>
		<Unit filename="src/Mesh/GaussLegendreAngularMesh.C">
			<Option compilerVar="CC" />
		</Unit>
		<Unit filename="src/Mesh/LinearMesh.C">
			<Option compilerVar="CC" />
		</Unit>
		<Unit filename="src/Mesh/LinearMesh.H" />
		<Unit filename="src/Mesh/LogRadialMesh.C">
			<Option compilerVar="CC" />
		</Unit>
		<Unit filename="src/Mesh/MHLRadialMesh.C">
			<Option compilerVar="CC" />
		</Unit>
		<Unit filename="src/Mesh/RadialMesh.C">
			<Option compilerVar="CC" />
		</Unit>
		<Unit filename="src/Misc/DFTDefines.C">
			<Option compilerVar="CPP" />
		</Unit>
		<Unit filename="src/Misc/DFTFiles.C">
			<Option compilerVar="CPP" />
		</Unit>
		<Unit filename="src/Misc/IntPower.C">
			<Option compilerVar="CPP" />
		</Unit>
		<Unit filename="src/Misc/PeriodicTable.C">
			<Option compilerVar="CPP" />
		</Unit>
		<Unit filename="src/Misc/UniqueID/UniqueID.C">
			<Option compilerVar="CPP" />
		</Unit>
		<Unit filename="src/Misc/UniqueID/UniqueID.H" />
		<Unit filename="src/Misc/Unpickle.C">
			<Option compilerVar="CPP" />
		</Unit>
		<Unit filename="src/Misc/pmstream.C">
			<Option compilerVar="CPP" />
		</Unit>
		<Unit filename="src/Orbitals/ElectronContainer.C">
			<Option compilerVar="CC" />
		</Unit>
		<Unit filename="src/Orbitals/TOrbital.C">
			<Option compilerVar="CC" />
		</Unit>
		<Unit filename="src/Orbitals/TOrbitals.C">
			<Option compilerVar="CC" />
		</Unit>
		<Unit filename="src/SCFIterator/SCFIterator.C">
			<Option compilerVar="CC" />
		</Unit>
		<Unit filename="src/SCFIterator/SCFIteratorPol.C">
			<Option compilerVar="CC" />
		</Unit>
		<Unit filename="src/SCFIterator/SCFIteratorUnPol.C">
			<Option compilerVar="CC" />
		</Unit>
		<Unit filename="src/ScalarFunction.C">
			<Option compilerVar="CC" />
		</Unit>
		<Unit filename="src/Spin.C">
			<Option compilerVar="CC" />
		</Unit>
		<Unit filename="src/TotalEnergy.C">
			<Option compilerVar="CC" />
		</Unit>
		<Unit filename="src/UnitSymmetryQN.C">
			<Option compilerVar="CC" />
		</Unit>
		<Unit filename="src/VectorFunction.C">
			<Option compilerVar="CC" />
		</Unit>
		<Unit filename="src/WaveFunctionImp/ElectronConfiguration.C">
			<Option compilerVar="CC" />
		</Unit>
		<Unit filename="src/WaveFunctionImp/IrrepWaveFunction.C">
			<Option compilerVar="CC" />
		</Unit>
		<Unit filename="src/WaveFunctionImp/MasterPolarizedWF.C">
			<Option compilerVar="CC" />
		</Unit>
		<Unit filename="src/WaveFunctionImp/MasterUnPolarizedWF.C">
			<Option compilerVar="CC" />
		</Unit>
		<Unit filename="src/WaveFunctionImp/WaveFunctionGroup.C">
			<Option compilerVar="CC" />
		</Unit>
		<Extensions>
			<lib_finder disable_auto="1" />
		</Extensions>
	</Project>
</CodeBlocks_project_file>
