<?xml version="1.0" encoding="UTF-8" standalone="yes" ?>
<CodeBlocks_project_file>
	<FileVersion major="1" minor="6" />
	<Project>
		<Option title="qchem" />
		<Option makefile="makefile" />
		<Option pch_mode="2" />
		<Option compiler="gcc" />
		<Build>
			<Target title="Debug">
				<Option output="./Debug/qchem" prefix_auto="1" extension_auto="1" />
				<Option working_dir="" />
				<Option object_output="obj/Debug/" />
				<Option type="2" />
				<Option compiler="gcc" />
				<Option createDefFile="1" />
				<Compiler>
					<Add option="-Wall" />
					<Add option="-std=c++17" />
					<Add option="-g" />
					<Add option="-DDEBUG" />
				</Compiler>
			</Target>
			<Target title="Release">
				<Option output="./Release/qchem" prefix_auto="1" extension_auto="1" />
				<Option working_dir="" />
				<Option object_output="obj/Release/" />
				<Option type="2" />
				<Option compiler="gcc" />
				<Option createDefFile="1" />
				<Compiler>
					<Add option="-O2" />
					<Add option="-Wall" />
					<Add option="-pg" />
					<Add option="-DNDEBUG" />
				</Compiler>
				<Linker>
					<Add option="-pg" />
				</Linker>
			</Target>
		</Build>
		<Compiler>
			<Add option="-std=c++17" />
			<Add option="-fopenmp" />
			<Add directory="../oml/include" />
			<Add directory="include" />
			<Add directory="src" />
		</Compiler>
		<Linker>
			<Add option="-fopenmp" />
		</Linker>
		<Unit filename="TODO" />
		<Unit filename="include/AnalyticIE.H" />
		<Unit filename="include/BasisSet.H" />
		<Unit filename="include/ChargeDensity.H" />
		<Unit filename="include/Cluster.H" />
		<Unit filename="include/EnergyLevel.H" />
		<Unit filename="include/Functions/FittedFunction.H" />
		<Unit filename="include/Functions/FittedFunctionClient.H" />
		<Unit filename="include/Functions/ScalarFunction.H" />
		<Unit filename="include/Functions/VectorFunction.H" />
		<Unit filename="include/Hamiltonian.H" />
		<Unit filename="include/IEClient.H" />
		<Unit filename="include/Imp/BasisSet/IrrepCommon.H" />
		<Unit filename="include/Imp/BasisSet/PolarizedGaussian/BasisFunction.H" />
		<Unit filename="include/Imp/BasisSet/PolarizedGaussian/BasisSet.H" />
		<Unit filename="include/Imp/BasisSet/PolarizedGaussian/Block.H" />
		<Unit filename="include/Imp/BasisSet/PolarizedGaussian/CDCache.H" />
		<Unit filename="include/Imp/BasisSet/PolarizedGaussian/IEClient.H" />
		<Unit filename="include/Imp/BasisSet/PolarizedGaussian/IntegralEngine.H" />
		<Unit filename="include/Imp/BasisSet/PolarizedGaussian/IrrepBasisSet.H" />
		<Unit filename="include/Imp/BasisSet/PolarizedGaussian/MnD/Hermite1.H" />
		<Unit filename="include/Imp/BasisSet/PolarizedGaussian/MnD/Hermite2.H" />
		<Unit filename="include/Imp/BasisSet/PolarizedGaussian/MnD/Hermite3.H" />
		<Unit filename="include/Imp/BasisSet/PolarizedGaussian/MnD/RNLM.H" />
		<Unit filename="include/Imp/BasisSet/PolarizedGaussian/Polarization.H" />
		<Unit filename="include/Imp/BasisSet/PolarizedGaussian/Radial/Common.H" />
		<Unit filename="include/Imp/BasisSet/PolarizedGaussian/Radial/ContractedGaussianH3.H" />
		<Unit filename="include/Imp/BasisSet/PolarizedGaussian/Radial/ContractedGaussianRF.H" />
		<Unit filename="include/Imp/BasisSet/PolarizedGaussian/Radial/GaussianCD.H" />
		<Unit filename="include/Imp/BasisSet/PolarizedGaussian/Radial/GaussianH3.H" />
		<Unit filename="include/Imp/BasisSet/PolarizedGaussian/Radial/GaussianRF.H" />
		<Unit filename="include/Imp/BasisSet/PolarizedGaussian/RadialFunction.H" />
		<Unit filename="include/Imp/BasisSet/PolarizedGaussian/Readers/Gaussian94.H" />
		<Unit filename="include/Imp/BasisSet/PolarizedGaussian/Readers/RadialFunction.H" />
		<Unit filename="include/Imp/BasisSet/Slater/BasisFunction.H" />
		<Unit filename="include/Imp/BasisSet/Slater/BasisSet.H" />
		<Unit filename="include/Imp/BasisSet/Slater/IEClient.H" />
		<Unit filename="include/Imp/BasisSet/Slater/IntegralEngine.H" />
		<Unit filename="include/Imp/BasisSet/Slater/IrrepBasisSet.H" />
		<Unit filename="include/Imp/BasisSet/SphericalGaussian/BasisFunction.H" />
		<Unit filename="include/Imp/BasisSet/SphericalGaussian/BasisSet.H" />
		<Unit filename="include/Imp/BasisSet/SphericalGaussian/IEClient.H" />
		<Unit filename="include/Imp/BasisSet/SphericalGaussian/IntegralEngine.H" />
		<Unit filename="include/Imp/BasisSet/SphericalGaussian/IrrepBasisSet.H" />
		<Unit filename="include/Imp/BasisSet/SphericalGaussian/QuantumNumber.H" />
		<Unit filename="include/Imp/BasisSet/TCommon.H" />
		<Unit filename="include/Imp/BasisSet/TIrrepCommon.H" />
		<Unit filename="include/Imp/ChargeDensity/CompositeCD.H" />
		<Unit filename="include/Imp/ChargeDensity/FittedCD.H" />
		<Unit filename="include/Imp/ChargeDensity/IrrepCD.H" />
		<Unit filename="include/Imp/ChargeDensity/PolarizedCD.H" />
		<Unit filename="include/Imp/Containers/ERI4.H" />
		<Unit filename="include/Imp/Containers/Triangle2D.H" />
		<Unit filename="include/Imp/Containers/Triangle3D.H" />
		<Unit filename="include/Imp/Containers/ptr_vector.h" />
		<Unit filename="include/Imp/Containers/ptr_vector_io.h" />
		<Unit filename="include/Imp/Containers/stl_io.h" />
		<Unit filename="include/Imp/Hamiltonian/ExchangeFunctional.H" />
		<Unit filename="include/Imp/Hamiltonian/ExchangeFunctionalImp.H" />
		<Unit filename="include/Imp/Hamiltonian/FittedVee.H" />
		<Unit filename="include/Imp/Hamiltonian/FittedVxc.H" />
		<Unit filename="include/Imp/Hamiltonian/FittedVxcPol.H" />
		<Unit filename="include/Imp/Hamiltonian/Hamiltonian.H" />
		<Unit filename="include/Imp/Hamiltonian/HamiltonianTerm.H" />
		<Unit filename="include/Imp/Hamiltonian/Kinetic.H" />
		<Unit filename="include/Imp/Hamiltonian/LDAVxc.H" />
		<Unit filename="include/Imp/Hamiltonian/SlaterExchange.H" />
		<Unit filename="include/Imp/Hamiltonian/Vee.H" />
		<Unit filename="include/Imp/Hamiltonian/Ven.H" />
		<Unit filename="include/Imp/Hamiltonian/Vnn.H" />
		<Unit filename="include/Imp/Hamiltonian/Vxc.H" />
		<Unit filename="include/Imp/Hamiltonian/VxcPol.H" />
		<Unit filename="include/Imp/Integrals/AuxillaryFJ.H" />
		<Unit filename="include/Imp/Integrals/FJLookUp.H" />
		<Unit filename="include/Imp/Integrals/Factorials.H" />
		<Unit filename="include/Imp/Integrals/GaussianIntegrals.H" />
		<Unit filename="include/Imp/Integrals/GaussianRadialIntegrals.H" />
		<Unit filename="include/Imp/Integrals/PascalTriangle.H" />
		<Unit filename="include/Imp/Integrals/SlaterIntegrals.H" />
		<Unit filename="include/Imp/Integrals/Wigner3j.H" />
		<Unit filename="include/Imp/LAParams.H" />
		<Unit filename="include/Imp/Orbitals/ElectronContainer.H" />
		<Unit filename="include/Imp/Orbitals/TOrbital.H" />
		<Unit filename="include/Imp/Orbitals/TOrbitals.H" />
		<Unit filename="include/Imp/WaveFunction/ElectronDumper.H" />
		<Unit filename="include/Imp/WaveFunction/FermiThermalizer.H" />
		<Unit filename="include/Imp/WaveFunction/IrrepWaveFunction.H" />
		<Unit filename="include/Imp/WaveFunction/MasterPolarizedWF.H" />
		<Unit filename="include/Imp/WaveFunction/MasterUnPolarizedWF.H" />
		<Unit filename="include/Imp/WaveFunction/WaveFunctionGroup.H" />
		<Unit filename="include/IntegralDataBase.H" />
		<Unit filename="include/Orbital.H" />
		<Unit filename="include/QuantumNumber.H" />
		<Unit filename="include/TotalEnergy.H" />
		<Unit filename="include/UnitSymmetryQN.H" />
		<Unit filename="include/WaveFunction.H" />
		<Unit filename="include/types.H" />
		<Unit filename="src/AnalyticIE.C">
			<Option compilerVar="CC" />
		</Unit>
		<Unit filename="src/BasisSet.C">
			<Option compilerVar="CC" />
		</Unit>
		<Unit filename="src/BasisSet/IrrepCommon.C">
			<Option compilerVar="CC" />
		</Unit>
		<Unit filename="src/BasisSet/PolarizedGaussian/BasisFunction.C">
			<Option compilerVar="CC" />
		</Unit>
		<Unit filename="src/BasisSet/PolarizedGaussian/BasisSet.C">
			<Option compilerVar="CC" />
		</Unit>
		<Unit filename="src/BasisSet/PolarizedGaussian/Block.C">
			<Option compilerVar="CC" />
		</Unit>
		<Unit filename="src/BasisSet/PolarizedGaussian/CDCache.C">
			<Option compilerVar="CC" />
		</Unit>
		<Unit filename="src/BasisSet/PolarizedGaussian/IEClient.C">
			<Option compilerVar="CC" />
		</Unit>
		<Unit filename="src/BasisSet/PolarizedGaussian/IntegralEngine.C">
			<Option compilerVar="CC" />
		</Unit>
		<Unit filename="src/BasisSet/PolarizedGaussian/IrrepBasisSet.C">
			<Option compilerVar="CC" />
		</Unit>
		<Unit filename="src/BasisSet/PolarizedGaussian/MnD/Hermite1.C">
			<Option compilerVar="CC" />
		</Unit>
		<Unit filename="src/BasisSet/PolarizedGaussian/MnD/Hermite2.C">
			<Option compilerVar="CC" />
		</Unit>
		<Unit filename="src/BasisSet/PolarizedGaussian/MnD/RNLM.C">
			<Option compilerVar="CC" />
		</Unit>
		<Unit filename="src/BasisSet/PolarizedGaussian/Polarization.C">
			<Option compilerVar="CC" />
		</Unit>
		<Unit filename="src/BasisSet/PolarizedGaussian/Radial/ContractedGaussianH3.C">
			<Option compilerVar="CC" />
		</Unit>
		<Unit filename="src/BasisSet/PolarizedGaussian/Radial/ContractedGaussianRF.C">
			<Option compilerVar="CC" />
		</Unit>
		<Unit filename="src/BasisSet/PolarizedGaussian/Radial/GaussianCD.C">
			<Option compilerVar="CC" />
		</Unit>
		<Unit filename="src/BasisSet/PolarizedGaussian/Radial/GaussianH3.C">
			<Option compilerVar="CC" />
		</Unit>
		<Unit filename="src/BasisSet/PolarizedGaussian/Radial/GaussianRF.C">
			<Option compilerVar="CC" />
		</Unit>
		<Unit filename="src/BasisSet/PolarizedGaussian/Radial/RadialFunctionImplementation.C">
			<Option compilerVar="CC" />
		</Unit>
		<Unit filename="src/BasisSet/PolarizedGaussian/Readers/Gaussian94.C">
			<Option compilerVar="CC" />
		</Unit>
		<Unit filename="src/BasisSet/PolarizedGaussian/Readers/RadialFunction.C">
			<Option compilerVar="CC" />
		</Unit>
		<Unit filename="src/BasisSet/Slater/BasisFunction.C">
			<Option compilerVar="CC" />
		</Unit>
		<Unit filename="src/BasisSet/Slater/BasisSet.C">
			<Option compilerVar="CC" />
		</Unit>
		<Unit filename="src/BasisSet/Slater/IEClient.C">
			<Option compilerVar="CC" />
		</Unit>
		<Unit filename="src/BasisSet/Slater/IntegralEngine.C">
			<Option compilerVar="CC" />
		</Unit>
		<Unit filename="src/BasisSet/Slater/IrrepBasisSet.C">
			<Option compilerVar="CC" />
		</Unit>
		<Unit filename="src/BasisSet/SphericalGaussian/BasisFunction.C">
			<Option compilerVar="CC" />
		</Unit>
		<Unit filename="src/BasisSet/SphericalGaussian/BasisSet.C">
			<Option compilerVar="CC" />
		</Unit>
		<Unit filename="src/BasisSet/SphericalGaussian/IEClient.C">
			<Option compilerVar="CC" />
		</Unit>
		<Unit filename="src/BasisSet/SphericalGaussian/IntegralEngine.C">
			<Option compilerVar="CC" />
		</Unit>
		<Unit filename="src/BasisSet/SphericalGaussian/IrrepBasisSet.C">
			<Option compilerVar="CC" />
		</Unit>
		<Unit filename="src/BasisSet/SphericalGaussian/QuantumNumber.C">
			<Option compilerVar="CC" />
		</Unit>
		<Unit filename="src/BasisSet/TCommon.C">
			<Option compilerVar="CC" />
		</Unit>
		<Unit filename="src/BasisSet/TIrrepCommon.C">
			<Option compilerVar="CC" />
		</Unit>
		<Unit filename="src/BasisSetImplementation/PlaneWave/BlochQN.H" />
		<Unit filename="src/BasisSetImplementation/PlaneWave/PlaneWaveBF.H" />
		<Unit filename="src/BasisSetImplementation/PlaneWave/PlaneWaveBS.H" />
		<Unit filename="src/BasisSetImplementation/PlaneWave/PlaneWaveIE.H" />
		<Unit filename="src/ChargeDensity.C">
			<Option compilerVar="CC" />
		</Unit>
		<Unit filename="src/ChargeDensity/CompositeCD.C">
			<Option compilerVar="CC" />
		</Unit>
		<Unit filename="src/ChargeDensity/FittedCD.C">
			<Option compilerVar="CC" />
		</Unit>
		<Unit filename="src/ChargeDensity/IrrepCD.C">
			<Option compilerVar="CC" />
		</Unit>
		<Unit filename="src/ChargeDensity/PolarizedCD.C">
			<Option compilerVar="CC" />
		</Unit>
		<Unit filename="src/Cluster/Atom.C">
			<Option compilerVar="CPP" />
		</Unit>
		<Unit filename="src/Cluster/Atom.H" />
		<Unit filename="src/Cluster/Lattice.C">
			<Option compilerVar="CPP" />
		</Unit>
		<Unit filename="src/Cluster/Lattice.H" />
		<Unit filename="src/Cluster/Molecule.C">
			<Option compilerVar="CPP" />
		</Unit>
		<Unit filename="src/Cluster/Molecule.H" />
		<Unit filename="src/Cluster/UnitCell.C">
			<Option compilerVar="CPP" />
		</Unit>
		<Unit filename="src/Cluster/UnitCell.H" />
		<Unit filename="src/Containers/ERI4.C">
			<Option compilerVar="CC" />
		</Unit>
		<Unit filename="src/Containers/Triangle2D.C">
			<Option compilerVar="CC" />
		</Unit>
		<Unit filename="src/Containers/Triangle3D.C">
			<Option compilerVar="CC" />
		</Unit>
		<Unit filename="src/Containers/stl_io.C">
			<Option compilerVar="CC" />
		</Unit>
		<Unit filename="src/DFTDataBase/DFTDataBase.C">
			<Option compilerVar="CPP" />
		</Unit>
		<Unit filename="src/DFTDataBase/DFTDataBase.H" />
		<Unit filename="src/DFTDataBase/HeapDB/HeapDB.C">
			<Option compilerVar="CPP" />
		</Unit>
		<Unit filename="src/DFTDataBase/HeapDB/HeapDB.H" />
		<Unit filename="src/DFTDataBase/Instance.Ci" />
		<Unit filename="src/DFTDataBase/InstanceComplexIDB.C">
			<Option compilerVar="CPP" />
		</Unit>
		<Unit filename="src/DFTDataBase/InstanceIDB.C">
			<Option compilerVar="CPP" />
		</Unit>
		<Unit filename="src/EnergyLevel.C">
			<Option compilerVar="CC" />
		</Unit>
		<Unit filename="src/Factories/BasisSetFactories.C">
			<Option compilerVar="CPP" />
		</Unit>
		<Unit filename="src/Factories/BasisSetFactories1.C">
			<Option compilerVar="CPP" />
		</Unit>
		<Unit filename="src/Factories/ChargeDensityFactories.C">
			<Option compilerVar="CPP" />
		</Unit>
		<Unit filename="src/Factories/ClusterFactories.C">
			<Option compilerVar="CPP" />
		</Unit>
		<Unit filename="src/Factories/ExchangeFunctionalFactories.C">
			<Option compilerVar="CPP" />
		</Unit>
		<Unit filename="src/Factories/FittedFunctionFactories.C">
			<Option compilerVar="CPP" />
		</Unit>
		<Unit filename="src/Factories/HamiltonianFactories.C">
			<Option compilerVar="CPP" />
		</Unit>
		<Unit filename="src/Factories/MeshFactories.C">
			<Option compilerVar="CPP" />
		</Unit>
		<Unit filename="src/Factories/OrbitalFactories.C">
			<Option compilerVar="CPP" />
		</Unit>
		<Unit filename="src/Factories/RadialFunctionFactories.C">
			<Option compilerVar="CPP" />
		</Unit>
		<Unit filename="src/Factories/TriangleFactories.C">
			<Option compilerVar="CPP" />
		</Unit>
		<Unit filename="src/Factories/WaveFunctionFactories.C">
			<Option compilerVar="CPP" />
		</Unit>
		<Unit filename="src/Functions/ScalarFunction.C">
			<Option compilerVar="CPP" />
		</Unit>
		<Unit filename="src/Functions/VectorFunction.C">
			<Option compilerVar="CPP" />
		</Unit>
		<Unit filename="src/FunctionsImp/ConstrainedFF.C">
			<Option compilerVar="CPP" />
		</Unit>
		<Unit filename="src/FunctionsImp/ConstrainedFF.H" />
		<Unit filename="src/FunctionsImp/FittedFunctionImplementation.C">
			<Option compilerVar="CPP" />
		</Unit>
		<Unit filename="src/FunctionsImp/FittedFunctionImplementation.H" />
		<Unit filename="src/FunctionsImp/IntegralConstrainedFF.C">
			<Option compilerVar="CPP" />
		</Unit>
		<Unit filename="src/FunctionsImp/IntegralConstrainedFF.H" />
		<Unit filename="src/Hamiltonian/ExchangeFunctionalImp.C">
			<Option compilerVar="CC" />
		</Unit>
		<Unit filename="src/Hamiltonian/FittedVee.C">
			<Option compilerVar="CC" />
		</Unit>
		<Unit filename="src/Hamiltonian/FittedVxc.C">
			<Option compilerVar="CC" />
		</Unit>
		<Unit filename="src/Hamiltonian/FittedVxcPol.C">
			<Option compilerVar="CC" />
		</Unit>
		<Unit filename="src/Hamiltonian/Hamiltonian.C">
			<Option compilerVar="CC" />
		</Unit>
		<Unit filename="src/Hamiltonian/HamiltonianTerm.C">
			<Option compilerVar="CC" />
		</Unit>
		<Unit filename="src/Hamiltonian/Kinetic.C">
			<Option compilerVar="CC" />
		</Unit>
		<Unit filename="src/Hamiltonian/LDAVxc.C">
			<Option compilerVar="CC" />
		</Unit>
		<Unit filename="src/Hamiltonian/SlaterExchange.C">
			<Option compilerVar="CC" />
		</Unit>
		<Unit filename="src/Hamiltonian/Vee.C">
			<Option compilerVar="CC" />
		</Unit>
		<Unit filename="src/Hamiltonian/Ven.C">
			<Option compilerVar="CC" />
		</Unit>
		<Unit filename="src/Hamiltonian/Vnn.C">
			<Option compilerVar="CC" />
		</Unit>
		<Unit filename="src/Hamiltonian/Vxc.C">
			<Option compilerVar="CC" />
		</Unit>
		<Unit filename="src/Hamiltonian/VxcPol.C">
			<Option compilerVar="CC" />
		</Unit>
		<Unit filename="src/Imp/LAParams.C">
			<Option compilerVar="CC" />
		</Unit>
		<Unit filename="src/Imp/LASolver/LASolverImp.C">
			<Option compilerVar="CPP" />
		</Unit>
		<Unit filename="src/Imp/LASolver/LASolverImp.H" />
		<Unit filename="src/Imp/LASolver/LASolverLapack.C">
			<Option compilerVar="CPP" />
		</Unit>
		<Unit filename="src/Imp/LASolver/LASolverLapack.H" />
		<Unit filename="src/Imp/LASolver/LASolverOML.C">
			<Option compilerVar="CPP" />
		</Unit>
		<Unit filename="src/Imp/LASolver/LASolverOML.H" />
		<Unit filename="src/Imp/SCFIterator/PolarizedSCFIterator.C">
			<Option compilerVar="CC" />
		</Unit>
		<Unit filename="src/Imp/SCFIterator/PolarizedSCFIterator.H" />
		<Unit filename="src/Imp/SCFIterator/SCFIteratorImplementation.C">
			<Option compilerVar="CPP" />
		</Unit>
		<Unit filename="src/Imp/SCFIterator/SCFIteratorImplementation.H" />
		<Unit filename="src/Imp/SCFIterator/UnPolarizedSCFIterator.C">
			<Option compilerVar="CC" />
		</Unit>
		<Unit filename="src/Imp/SCFIterator/UnPolarizedSCFIterator.H" />
		<Unit filename="src/Integrals/AuxillaryData.C">
			<Option compilerVar="CC" />
		</Unit>
		<Unit filename="src/Integrals/AuxillaryFJ.C">
			<Option compilerVar="CC" />
		</Unit>
		<Unit filename="src/Integrals/Factorials.C">
			<Option compilerVar="CC" />
		</Unit>
		<Unit filename="src/Integrals/GaussianIntegrals.C">
			<Option compilerVar="CC" />
		</Unit>
		<Unit filename="src/Integrals/PascalTriangle.C">
			<Option compilerVar="CC" />
		</Unit>
		<Unit filename="src/Integrals/SlaterIntegrals.C">
			<Option compilerVar="CC" />
		</Unit>
		<Unit filename="src/Integrals/Wigner3j.C">
			<Option compilerVar="CC" />
		</Unit>
		<Unit filename="src/LASolver/LASolver.H" />
		<Unit filename="src/Mesh/AngularMesh/AngularMesh.C">
			<Option compilerVar="CPP" />
		</Unit>
		<Unit filename="src/Mesh/AngularMesh/AngularMesh.H" />
		<Unit filename="src/Mesh/AngularMesh/AngularMeshBrowser.C">
			<Option compilerVar="CPP" />
		</Unit>
		<Unit filename="src/Mesh/AngularMesh/AngularMeshBrowser.H" />
		<Unit filename="src/Mesh/AngularMesh/AngularMeshImplementation.C">
			<Option compilerVar="CPP" />
		</Unit>
		<Unit filename="src/Mesh/AngularMesh/AngularMeshImplementation.H" />
		<Unit filename="src/Mesh/AngularMesh/EulerMaclarenAngularMesh.C">
			<Option compilerVar="CPP" />
		</Unit>
		<Unit filename="src/Mesh/AngularMesh/EulerMaclarenAngularMesh.H" />
		<Unit filename="src/Mesh/AngularMesh/GaussAngularMesh.C">
			<Option compilerVar="CPP" />
		</Unit>
		<Unit filename="src/Mesh/AngularMesh/GaussAngularMesh.H" />
		<Unit filename="src/Mesh/AngularMesh/GaussLegendre.C">
			<Option compilerVar="CPP" />
		</Unit>
		<Unit filename="src/Mesh/AngularMesh/GaussLegendreAngularMesh.C">
			<Option compilerVar="CPP" />
		</Unit>
		<Unit filename="src/Mesh/AngularMesh/GaussLegendreAngularMesh.H" />
		<Unit filename="src/Mesh/AtomMesh.C">
			<Option compilerVar="CPP" />
		</Unit>
		<Unit filename="src/Mesh/AtomMesh.H" />
		<Unit filename="src/Mesh/ComplexMeshIntegrator.C">
			<Option compilerVar="CPP" />
		</Unit>
		<Unit filename="src/Mesh/LinearMesh.C">
			<Option compilerVar="CPP" />
		</Unit>
		<Unit filename="src/Mesh/LinearMesh.H" />
		<Unit filename="src/Mesh/Mesh.C">
			<Option compilerVar="CPP" />
		</Unit>
		<Unit filename="src/Mesh/Mesh.H" />
		<Unit filename="src/Mesh/MeshBrowser.C">
			<Option compilerVar="CPP" />
		</Unit>
		<Unit filename="src/Mesh/MeshBrowser.H" />
		<Unit filename="src/Mesh/MeshImplementation.C">
			<Option compilerVar="CPP" />
		</Unit>
		<Unit filename="src/Mesh/MeshImplementation.H" />
		<Unit filename="src/Mesh/MeshIntegrator.C">
			<Option compilerVar="CPP" />
		</Unit>
		<Unit filename="src/Mesh/MeshIntegrator.H" />
		<Unit filename="src/Mesh/MoleculeMesh.C">
			<Option compilerVar="CPP" />
		</Unit>
		<Unit filename="src/Mesh/MoleculeMesh.H" />
		<Unit filename="src/Mesh/RadialMesh/LogRadialMesh.C">
			<Option compilerVar="CPP" />
		</Unit>
		<Unit filename="src/Mesh/RadialMesh/LogRadialMesh.H" />
		<Unit filename="src/Mesh/RadialMesh/MHLRadialMesh.C">
			<Option compilerVar="CPP" />
		</Unit>
		<Unit filename="src/Mesh/RadialMesh/MHLRadialMesh.H" />
		<Unit filename="src/Mesh/RadialMesh/RadialMesh.C">
			<Option compilerVar="CPP" />
		</Unit>
		<Unit filename="src/Mesh/RadialMesh/RadialMesh.H" />
		<Unit filename="src/Mesh/RadialMesh/RadialMeshBrowser.C">
			<Option compilerVar="CPP" />
		</Unit>
		<Unit filename="src/Mesh/RadialMesh/RadialMeshBrowser.H" />
		<Unit filename="src/Mesh/RadialMesh/RadialMeshImplementation.C">
			<Option compilerVar="CPP" />
		</Unit>
		<Unit filename="src/Mesh/RadialMesh/RadialMeshImplementation.H" />
		<Unit filename="src/Mesh/UnitCellMesh.C">
			<Option compilerVar="CPP" />
		</Unit>
		<Unit filename="src/Mesh/UnitCellMesh.H" />
		<Unit filename="src/Misc/DFTDefines.C">
			<Option compilerVar="CPP" />
		</Unit>
		<Unit filename="src/Misc/DFTDefines.H" />
		<Unit filename="src/Misc/DFTFiles.C">
			<Option compilerVar="CPP" />
		</Unit>
		<Unit filename="src/Misc/DFTFiles.H" />
		<Unit filename="src/Misc/IntPower.C">
			<Option compilerVar="CPP" />
		</Unit>
		<Unit filename="src/Misc/IntPower.H" />
		<Unit filename="src/Misc/PeriodicTable.C">
			<Option compilerVar="CPP" />
		</Unit>
		<Unit filename="src/Misc/PeriodicTable.H" />
		<Unit filename="src/Misc/Persistent/IDRef.Ci" />
		<Unit filename="src/Misc/Persistent/IDRef.H" />
		<Unit filename="src/Misc/Persistent/PerDB.Ci" />
		<Unit filename="src/Misc/Persistent/PerDB.H" />
		<Unit filename="src/Misc/Persistent/PerRef.Ci" />
		<Unit filename="src/Misc/Persistent/PerRef.H" />
		<Unit filename="src/Misc/Persistent/Persistent.C">
			<Option compilerVar="CPP" />
		</Unit>
		<Unit filename="src/Misc/Persistent/Persistent.H" />
		<Unit filename="src/Misc/Spin.C">
			<Option compilerVar="CPP" />
		</Unit>
		<Unit filename="src/Misc/Spin.H" />
		<Unit filename="src/Misc/UniqueID/UniqueID.C">
			<Option compilerVar="CPP" />
		</Unit>
		<Unit filename="src/Misc/UniqueID/UniqueID.H" />
		<Unit filename="src/Misc/Unpickle.C">
			<Option compilerVar="CPP" />
		</Unit>
		<Unit filename="src/Misc/Unpickle.H" />
		<Unit filename="src/Misc/pmstream.C">
			<Option compilerVar="CPP" />
		</Unit>
		<Unit filename="src/Misc/pmstream.h" />
		<Unit filename="src/Misc/rc_ptr.H" />
		<Unit filename="src/Orbital.C">
			<Option compilerVar="CC" />
		</Unit>
		<Unit filename="src/Orbitals/ElectronContainer.C">
			<Option compilerVar="CC" />
		</Unit>
		<Unit filename="src/Orbitals/TOrbital.C">
			<Option compilerVar="CC" />
		</Unit>
		<Unit filename="src/Orbitals/TOrbitals.C">
			<Option compilerVar="CC" />
		</Unit>
		<Unit filename="src/SCFIterator/IterationParams.H" />
		<Unit filename="src/SCFIterator/SCFIterator.C">
			<Option compilerVar="CPP" />
		</Unit>
		<Unit filename="src/SCFIterator/SCFIterator.H" />
		<Unit filename="src/TotalEnergy.C">
			<Option compilerVar="CC" />
		</Unit>
		<Unit filename="src/UnitSymmetryQN.C">
			<Option compilerVar="CC" />
		</Unit>
		<Unit filename="src/WaveFunction.C">
			<Option compilerVar="CC" />
		</Unit>
		<Unit filename="src/WaveFunctionImp/ElectronDumper.C">
			<Option compilerVar="CC" />
		</Unit>
		<Unit filename="src/WaveFunctionImp/FermiThermalizer.C">
			<Option compilerVar="CC" />
		</Unit>
		<Unit filename="src/WaveFunctionImp/IrrepWaveFunction.C">
			<Option compilerVar="CC" />
		</Unit>
		<Unit filename="src/WaveFunctionImp/MasterPolarizedWF.C">
			<Option compilerVar="CC" />
		</Unit>
		<Unit filename="src/WaveFunctionImp/MasterUnPolarizedWF.C">
			<Option compilerVar="CC" />
		</Unit>
		<Unit filename="src/WaveFunctionImp/WaveFunctionGroup.C">
			<Option compilerVar="CC" />
		</Unit>
		<Extensions>
			<lib_finder disable_auto="1" />
		</Extensions>
	</Project>
</CodeBlocks_project_file>
