<?xml version="1.0" encoding="UTF-8" standalone="yes" ?>
<CodeBlocks_project_file>
	<FileVersion major="1" minor="6" />
	<Project>
		<Option title="UnitTests" />
		<Option pch_mode="2" />
		<Option compiler="gcc" />
		<Build>
			<Target title="Debug">
				<Option output="../qchemUT" prefix_auto="1" extension_auto="1" />
				<Option object_output="obj/Debug/" />
				<Option external_deps="../Debug/libqchem.a;" />
				<Option type="1" />
				<Option compiler="gcc" />
				<Compiler>
					<Add option="-g" />
					<Add option="-DDEBUG" />
				</Compiler>
				<Linker>
					<Add directory="../Debug" />
					<Add directory="../../oml/Debug" />
				</Linker>
			</Target>
			<Target title="Release">
				<Option output="../qchemUT" prefix_auto="1" extension_auto="1" />
				<Option object_output="obj/Release/" />
				<Option external_deps="../Release/libqchem.a;" />
				<Option type="1" />
				<Option compiler="gcc" />
				<Compiler>
					<Add option="-O2" />
					<Add option="-pg" />
					<Add option="-DNDEBUG" />
				</Compiler>
				<Linker>
					<Add option="-pg" />
					<Add directory="../../oml/Release" />
					<Add directory="../Release" />
				</Linker>
			</Target>
		</Build>
		<Compiler>
			<Add option="-Wall" />
			<Add option="-std=c++17" />
			<Add option="-fopenmp" />
			<Add directory="../../oml/include" />
			<Add directory="../include" />
		</Compiler>
		<Linker>
			<Add option="-fopenmp" />
			<Add library="qchem" />
			<Add library="oml" />
			<Add library="lapack" />
			<Add library="gtest" />
			<Add library="pthread" />
			<Add library="wignerSymbols" />
			<Add library="cint" />
			<Add directory="/usr/local/lib" />
		</Linker>
		<Unit filename="A_DFT.C">
			<Option compilerVar="CC" />
		</Unit>
		<Unit filename="A_HF.C">
			<Option compilerVar="CC" />
		</Unit>
		<Unit filename="A_SHF.C">
			<Option compilerVar="CC" />
		</Unit>
		<Unit filename="DiracIntegral.C">
			<Option compilerVar="CC" />
		</Unit>
		<Unit filename="ElectronConfigurations.C">
			<Option compilerVar="CC" />
		</Unit>
		<Unit filename="GaussianIntegral.C">
			<Option compilerVar="CC" />
		</Unit>
		<Unit filename="M_PG_U.C">
			<Option compilerVar="CC" />
		</Unit>
		<Unit filename="QchemTester.C">
			<Option compilerVar="CC" />
		</Unit>
		<Unit filename="QchemTester.H" />
		<Unit filename="SlaterIntegral.C">
			<Option compilerVar="CPP" />
		</Unit>
		<Unit filename="UTMain.C">
			<Option compilerVar="CPP" />
		</Unit>
		<Unit filename="stl_io.C">
			<Option compilerVar="CC" />
		</Unit>
		<Unit filename="stl_io_fwd.C">
			<Option compilerVar="CC" />
		</Unit>
		<Extensions>
			<lib_finder disable_auto="1" />
		</Extensions>
	</Project>
</CodeBlocks_project_file>
